
Microsoft Visual Studio Solution File, Format Version 12.00
# Visual Studio 14
VisualStudioVersion = 14.0.25420.1
MinimumVisualStudioVersion = 10.0.40219.1
Project("{FAE04EC0-301F-11D3-BF4B-00C04F79EFBC}") = "UserControl.DataAccessLayer", "UserControl.DataAccessLayer\UserControl.DataAccessLayer.csproj", "{E43DB05D-4346-4FDF-B40B-77020AEE61E0}"
EndProject
Project("{FAE04EC0-301F-11D3-BF4B-00C04F79EFBC}") = "UserControl.BussinessLogicLayer", "UserControl.BussinessLogicLayer\UserControl.BussinessLogicLayer.csproj", "{B10FE480-557E-44D6-B182-E874C5EBF58E}"
EndProject
Project("{FAE04EC0-301F-11D3-BF4B-00C04F79EFBC}") = "UserControl.Usuarios", "UserControl.Usuarios\UserControl.Usuarios.csproj", "{F542E657-DCE8-4D82-8F47-EFE9FF2F3B29}"
EndProject
Global
	GlobalSection(SolutionConfigurationPlatforms) = preSolution
		Debug|Any CPU = Debug|Any CPU
		Release|Any CPU = Release|Any CPU
	EndGlobalSection
	GlobalSection(ProjectConfigurationPlatforms) = postSolution
		{E43DB05D-4346-4FDF-B40B-77020AEE61E0}.Debug|Any CPU.ActiveCfg = Debug|Any CPU
		{E43DB05D-4346-4FDF-B40B-77020AEE61E0}.Debug|Any CPU.Build.0 = Debug|Any CPU
		{E43DB05D-4346-4FDF-B40B-77020AEE61E0}.Release|Any CPU.ActiveCfg = Release|Any CPU
		{E43DB05D-4346-4FDF-B40B-77020AEE61E0}.Release|Any CPU.Build.0 = Release|Any CPU
		{B10FE480-557E-44D6-B182-E874C5EBF58E}.Debug|Any CPU.ActiveCfg = Debug|Any CPU
		{B10FE480-557E-44D6-B182-E874C5EBF58E}.Debug|Any CPU.Build.0 = Debug|Any CPU
		{B10FE480-557E-44D6-B182-E874C5EBF58E}.Release|Any CPU.ActiveCfg = Release|Any CPU
		{B10FE480-557E-44D6-B182-E874C5EBF58E}.Release|Any CPU.Build.0 = Release|Any CPU
		{F542E657-DCE8-4D82-8F47-EFE9FF2F3B29}.Debug|Any CPU.ActiveCfg = Debug|Any CPU
		{F542E657-DCE8-4D82-8F47-EFE9FF2F3B29}.Debug|Any CPU.Build.0 = Debug|Any CPU
		{F542E657-DCE8-4D82-8F47-EFE9FF2F3B29}.Release|Any CPU.ActiveCfg = Release|Any CPU
		{F542E657-DCE8-4D82-8F47-EFE9FF2F3B29}.Release|Any CPU.Build.0 = Release|Any CPU
	EndGlobalSection
	GlobalSection(SolutionProperties) = preSolution
		HideSolutionNode = FALSE
	EndGlobalSection
EndGlobal
